{
  "version": "3",
  "packages": {
    "specifiers": {
      "jsr:@std/cli@^1.0.4": "jsr:@std/cli@1.0.4",
      "jsr:@std/fmt@^1.0.1": "jsr:@std/fmt@1.0.1",
      "jsr:@std/path@^1.0.3": "jsr:@std/path@1.0.3",
      "jsr:@std/yaml@^1.0.4": "jsr:@std/yaml@1.0.4"
    },
    "jsr": {
      "@std/cli@1.0.4": {
        "integrity": "79ca75add572a99a8ba93ae37ccbd8d43fb4e2b635a8a7ebebb4f2d092048764"
      },
      "@std/fmt@1.0.1": {
        "integrity": "ef76c37faa7720faa8c20fd8cc74583f9b1e356dfd630c8714baa716a45856ab"
      },
      "@std/path@1.0.3": {
        "integrity": "cd89d014ce7eb3742f2147b990f6753ee51d95276bfc211bc50c860c1bc7df6f"
      },
      "@std/yaml@1.0.4": {
        "integrity": "f1e38fa5e110ff8550e938715e52c33347676dd00a1db858e092dd21a9df9941"
      }
    }
  },
  "remote": {},
  "workspace": {
    "dependencies": [
      "jsr:@std/cli@^1.0.4",
      "jsr:@std/fmt@^1.0.1",
      "jsr:@std/path@^1.0.3",
      "jsr:@std/yaml@^1.0.4"
    ]
  }
}
